
Microsoft Visual Studio Solution File, Format Version 11.00
# Visual Studio 2010
Project("{FAE04EC0-301F-11D3-BF4B-00C04F79EFBC}") = "Clash Gold", "Assembly-CSharp.csproj", "{39A30314-0282-F54F-D86A-4667F08C8931}"
EndProject
Project("{FAE04EC0-301F-11D3-BF4B-00C04F79EFBC}") = "Clash Gold", "Assembly-CSharp-firstpass.csproj", "{2B7035D6-4BAB-DC29-CEF6-6C65B9AE5DE9}"
EndProject
Project("{FAE04EC0-301F-11D3-BF4B-00C04F79EFBC}") = "Clash Gold", "Assembly-CSharp-Editor-firstpass.csproj", "{DF0739DB-1C3B-FC05-51C0-2612148DBDBD}"
EndProject
Global
	GlobalSection(SolutionConfigurationPlatforms) = preSolution
		Debug|Any CPU = Debug|Any CPU
		Release|Any CPU = Release|Any CPU
	EndGlobalSection
	GlobalSection(ProjectConfigurationPlatforms) = postSolution
		{39A30314-0282-F54F-D86A-4667F08C8931}.Debug|Any CPU.ActiveCfg = Debug|Any CPU
		{39A30314-0282-F54F-D86A-4667F08C8931}.Debug|Any CPU.Build.0 = Debug|Any CPU
		{39A30314-0282-F54F-D86A-4667F08C8931}.Release|Any CPU.ActiveCfg = Release|Any CPU
		{39A30314-0282-F54F-D86A-4667F08C8931}.Release|Any CPU.Build.0 = Release|Any CPU
		{2B7035D6-4BAB-DC29-CEF6-6C65B9AE5DE9}.Debug|Any CPU.ActiveCfg = Debug|Any CPU
		{2B7035D6-4BAB-DC29-CEF6-6C65B9AE5DE9}.Debug|Any CPU.Build.0 = Debug|Any CPU
		{2B7035D6-4BAB-DC29-CEF6-6C65B9AE5DE9}.Release|Any CPU.ActiveCfg = Release|Any CPU
		{2B7035D6-4BAB-DC29-CEF6-6C65B9AE5DE9}.Release|Any CPU.Build.0 = Release|Any CPU
		{DF0739DB-1C3B-FC05-51C0-2612148DBDBD}.Debug|Any CPU.ActiveCfg = Debug|Any CPU
		{DF0739DB-1C3B-FC05-51C0-2612148DBDBD}.Debug|Any CPU.Build.0 = Debug|Any CPU
		{DF0739DB-1C3B-FC05-51C0-2612148DBDBD}.Release|Any CPU.ActiveCfg = Release|Any CPU
		{DF0739DB-1C3B-FC05-51C0-2612148DBDBD}.Release|Any CPU.Build.0 = Release|Any CPU
	EndGlobalSection
	GlobalSection(SolutionProperties) = preSolution
		HideSolutionNode = FALSE
	EndGlobalSection
	GlobalSection(MonoDevelopProperties) = preSolution
		StartupItem = Assembly-CSharp.csproj
	EndGlobalSection
EndGlobal
